
Microsoft Visual Studio Solution File, Format Version 12.00
# Visual Studio 2012
Project("{FAE04EC0-301F-11D3-BF4B-00C04F79EFBC}") = "TuneStore", "TuneStore\TuneStore.csproj", "{F8E8D924-DE4B-4146-BE67-7BF48A3BF386}"
EndProject
Global
	GlobalSection(SolutionConfigurationPlatforms) = preSolution
		Debug|Any CPU = Debug|Any CPU
		Release|Any CPU = Release|Any CPU
	EndGlobalSection
	GlobalSection(ProjectConfigurationPlatforms) = postSolution
		{F8E8D924-DE4B-4146-BE67-7BF48A3BF386}.Debug|Any CPU.ActiveCfg = Debug|Any CPU
		{F8E8D924-DE4B-4146-BE67-7BF48A3BF386}.Debug|Any CPU.Build.0 = Debug|Any CPU
		{F8E8D924-DE4B-4146-BE67-7BF48A3BF386}.Release|Any CPU.ActiveCfg = Release|Any CPU
		{F8E8D924-DE4B-4146-BE67-7BF48A3BF386}.Release|Any CPU.Build.0 = Release|Any CPU
	EndGlobalSection
	GlobalSection(SolutionProperties) = preSolution
		HideSolutionNode = FALSE
	EndGlobalSection
EndGlobal
